
Microsoft Visual Studio Solution File, Format Version 12.00
# Visual Studio Version 17
VisualStudioVersion = 17.7.34031.279
MinimumVisualStudioVersion = 10.0.40219.1
Project("{FAE04EC0-301F-11D3-BF4B-00C04F79EFBC}") = "DotNet Assembly Probing", "DotNet Assembly Probing\DotNet Assembly Probing.csproj", "{38248117-3728-427F-B282-06034A844C82}"
EndProject
Global
	GlobalSection(SolutionConfigurationPlatforms) = preSolution
		Debug|Any CPU = Debug|Any CPU
		Release|Any CPU = Release|Any CPU
	EndGlobalSection
	GlobalSection(ProjectConfigurationPlatforms) = postSolution
		{38248117-3728-427F-B282-06034A844C82}.Debug|Any CPU.ActiveCfg = Debug|Any CPU
		{38248117-3728-427F-B282-06034A844C82}.Debug|Any CPU.Build.0 = Debug|Any CPU
		{38248117-3728-427F-B282-06034A844C82}.Release|Any CPU.ActiveCfg = Release|Any CPU
		{38248117-3728-427F-B282-06034A844C82}.Release|Any CPU.Build.0 = Release|Any CPU
	EndGlobalSection
	GlobalSection(SolutionProperties) = preSolution
		HideSolutionNode = FALSE
	EndGlobalSection
	GlobalSection(ExtensibilityGlobals) = postSolution
		SolutionGuid = {DA4F6B29-00D7-4B6A-8F7B-AF82F1F81306}
	EndGlobalSection
EndGlobal
